
Microsoft Visual Studio Solution File, Format Version 12.00
# Visual Studio Version 17
VisualStudioVersion = 17.9.34701.34
MinimumVisualStudioVersion = 10.0.40219.1
Project("{9A19103F-16F7-4668-BE54-9A1E7A4F7556}") = "FunctionApp1", "FunctionApp1\FunctionApp1.csproj", "{8DAF8121-D2CB-489C-B791-88EF4DA301A0}"
EndProject
Project("{FAE04EC0-301F-11D3-BF4B-00C04F79EFBC}") = "FunctionApp1.Tests", "FunctionApp1.Tests\FunctionApp1.Tests.csproj", "{BC2D9AAA-573A-4119-A102-7BE4A7C1A9B0}"
EndProject
Global
	GlobalSection(SolutionConfigurationPlatforms) = preSolution
		Debug|Any CPU = Debug|Any CPU
		Release|Any CPU = Release|Any CPU
	EndGlobalSection
	GlobalSection(ProjectConfigurationPlatforms) = postSolution
		{8DAF8121-D2CB-489C-B791-88EF4DA301A0}.Debug|Any CPU.ActiveCfg = Debug|Any CPU
		{8DAF8121-D2CB-489C-B791-88EF4DA301A0}.Debug|Any CPU.Build.0 = Debug|Any CPU
		{8DAF8121-D2CB-489C-B791-88EF4DA301A0}.Release|Any CPU.ActiveCfg = Release|Any CPU
		{8DAF8121-D2CB-489C-B791-88EF4DA301A0}.Release|Any CPU.Build.0 = Release|Any CPU
		{BC2D9AAA-573A-4119-A102-7BE4A7C1A9B0}.Debug|Any CPU.ActiveCfg = Debug|Any CPU
		{BC2D9AAA-573A-4119-A102-7BE4A7C1A9B0}.Debug|Any CPU.Build.0 = Debug|Any CPU
		{BC2D9AAA-573A-4119-A102-7BE4A7C1A9B0}.Release|Any CPU.ActiveCfg = Release|Any CPU
		{BC2D9AAA-573A-4119-A102-7BE4A7C1A9B0}.Release|Any CPU.Build.0 = Release|Any CPU
	EndGlobalSection
	GlobalSection(SolutionProperties) = preSolution
		HideSolutionNode = FALSE
	EndGlobalSection
	GlobalSection(ExtensibilityGlobals) = postSolution
		SolutionGuid = {68AC3CAB-AE15-4B71-AA5C-C13AF8CF2ABA}
	EndGlobalSection
EndGlobal
